github.com/vickz86/GoFunctions v0.0.0-20241105204934-4fb76f44a3fb h1:ehIHsPXXM3xOb+o10+DLpcTe7KYz7Do618oixPSr1pI=
github.com/vickz86/GoFunctions v0.0.0-20241105204934-4fb76f44a3fb/go.mod h1:cnq2AW9YAjb6khB6/0yQfYIKcI7HvjElA1AnXO6qCLk=
github.com/vickz86/GoFunctions v0.0.0-20241106201804-ff9c0c8ae32a h1:PB9KROk93NdNzEarFr8UF7qgTb3srqgXb+Y8NlMxhF8=
github.com/vickz86/GoFunctions v0.0.0-20241106201804-ff9c0c8ae32a/go.mod h1:cnq2AW9YAjb6khB6/0yQfYIKcI7HvjElA1AnXO6qCLk=
